
Microsoft Visual Studio Solution File, Format Version 12.00
# Visual Studio Version 16
VisualStudioVersion = 16.0.30907.101
MinimumVisualStudioVersion = 10.0.40219.1
Project("{FAE04EC0-301F-11D3-BF4B-00C04F79EFBC}") = "SalesWebMvc", "SalesWebMvc\SalesWebMvc.csproj", "{94650FD7-FF7F-4979-8F85-E5DE4EE368BC}"
EndProject
Global
	GlobalSection(SolutionConfigurationPlatforms) = preSolution
		Debug|Any CPU = Debug|Any CPU
		Release|Any CPU = Release|Any CPU
	EndGlobalSection
	GlobalSection(ProjectConfigurationPlatforms) = postSolution
		{94650FD7-FF7F-4979-8F85-E5DE4EE368BC}.Debug|Any CPU.ActiveCfg = Debug|Any CPU
		{94650FD7-FF7F-4979-8F85-E5DE4EE368BC}.Debug|Any CPU.Build.0 = Debug|Any CPU
		{94650FD7-FF7F-4979-8F85-E5DE4EE368BC}.Release|Any CPU.ActiveCfg = Release|Any CPU
		{94650FD7-FF7F-4979-8F85-E5DE4EE368BC}.Release|Any CPU.Build.0 = Release|Any CPU
	EndGlobalSection
	GlobalSection(SolutionProperties) = preSolution
		HideSolutionNode = FALSE
	EndGlobalSection
	GlobalSection(ExtensibilityGlobals) = postSolution
		SolutionGuid = {84E19BE7-EA8B-4419-AF34-740BDC0E6FC8}
	EndGlobalSection
EndGlobal
