
Microsoft Visual Studio Solution File, Format Version 12.00
# Visual Studio Version 16
VisualStudioVersion = 16.0.30907.101
MinimumVisualStudioVersion = 10.0.40219.1
Project("{FAE04EC0-301F-11D3-BF4B-00C04F79EFBC}") = "SalesWebMvc", "SalesWebMvc\SalesWebMvc.csproj", "{2069CDD1-8B4F-4C32-BFF0-2266A96F4865}"
EndProject
Global
	GlobalSection(SolutionConfigurationPlatforms) = preSolution
		Debug|Any CPU = Debug|Any CPU
		Release|Any CPU = Release|Any CPU
	EndGlobalSection
	GlobalSection(ProjectConfigurationPlatforms) = postSolution
		{2069CDD1-8B4F-4C32-BFF0-2266A96F4865}.Debug|Any CPU.ActiveCfg = Debug|Any CPU
		{2069CDD1-8B4F-4C32-BFF0-2266A96F4865}.Debug|Any CPU.Build.0 = Debug|Any CPU
		{2069CDD1-8B4F-4C32-BFF0-2266A96F4865}.Release|Any CPU.ActiveCfg = Release|Any CPU
		{2069CDD1-8B4F-4C32-BFF0-2266A96F4865}.Release|Any CPU.Build.0 = Release|Any CPU
	EndGlobalSection
	GlobalSection(SolutionProperties) = preSolution
		HideSolutionNode = FALSE
	EndGlobalSection
	GlobalSection(ExtensibilityGlobals) = postSolution
		SolutionGuid = {3F663CDB-05C6-4CAE-9145-4746F6B001FD}
	EndGlobalSection
EndGlobal
